
Microsoft Visual Studio Solution File, Format Version 12.00
# Visual Studio Version 17
VisualStudioVersion = 17.7.34024.191
MinimumVisualStudioVersion = 10.0.40219.1
Project("{FAE04EC0-301F-11D3-BF4B-00C04F79EFBC}") = "U2Actividad2", "U2Actividad2\U2Actividad2.csproj", "{F43FD5A9-5A37-41F1-9E98-0BED9DAE2669}"
EndProject
Global
	GlobalSection(SolutionConfigurationPlatforms) = preSolution
		Debug|Any CPU = Debug|Any CPU
		Release|Any CPU = Release|Any CPU
	EndGlobalSection
	GlobalSection(ProjectConfigurationPlatforms) = postSolution
		{F43FD5A9-5A37-41F1-9E98-0BED9DAE2669}.Debug|Any CPU.ActiveCfg = Debug|Any CPU
		{F43FD5A9-5A37-41F1-9E98-0BED9DAE2669}.Debug|Any CPU.Build.0 = Debug|Any CPU
		{F43FD5A9-5A37-41F1-9E98-0BED9DAE2669}.Release|Any CPU.ActiveCfg = Release|Any CPU
		{F43FD5A9-5A37-41F1-9E98-0BED9DAE2669}.Release|Any CPU.Build.0 = Release|Any CPU
	EndGlobalSection
	GlobalSection(SolutionProperties) = preSolution
		HideSolutionNode = FALSE
	EndGlobalSection
	GlobalSection(ExtensibilityGlobals) = postSolution
		SolutionGuid = {6A098FFD-1A0D-4D32-BEF4-E3D91D6E5F5D}
	EndGlobalSection
EndGlobal
